
Microsoft Visual Studio Solution File, Format Version 12.00
# Visual Studio 15
VisualStudioVersion = 15.0.28307.271
MinimumVisualStudioVersion = 10.0.40219.1
Project("{FAE04EC0-301F-11D3-BF4B-00C04F79EFBC}") = "Demo2", "Demo2\Demo2.csproj", "{AB613C96-8A73-40A9-8595-F51877CF9281}"
EndProject
Global
	GlobalSection(SolutionConfigurationPlatforms) = preSolution
		Debug|Any CPU = Debug|Any CPU
		Release|Any CPU = Release|Any CPU
	EndGlobalSection
	GlobalSection(ProjectConfigurationPlatforms) = postSolution
		{AB613C96-8A73-40A9-8595-F51877CF9281}.Debug|Any CPU.ActiveCfg = Debug|Any CPU
		{AB613C96-8A73-40A9-8595-F51877CF9281}.Debug|Any CPU.Build.0 = Debug|Any CPU
		{AB613C96-8A73-40A9-8595-F51877CF9281}.Release|Any CPU.ActiveCfg = Release|Any CPU
		{AB613C96-8A73-40A9-8595-F51877CF9281}.Release|Any CPU.Build.0 = Release|Any CPU
	EndGlobalSection
	GlobalSection(SolutionProperties) = preSolution
		HideSolutionNode = FALSE
	EndGlobalSection
	GlobalSection(ExtensibilityGlobals) = postSolution
		SolutionGuid = {2FAE0CE4-B294-4F59-A5FA-8DDB368FFBA0}
	EndGlobalSection
EndGlobal
